<?xml version="1.0" encoding="utf-8"?>
<Project ToolsVersion="4.0" xmlns="http://schemas.microsoft.com/developer/msbuild/2003">
  <ItemGroup>
    <Filter Include="Source Files">
      <UniqueIdentifier>{4FC737F1-C7A5-4376-A066-2A32D752A2FF}</UniqueIdentifier>
      <Extensions>cpp;c;cc;cxx;def;odl;idl;hpj;bat;asm;asmx</Extensions>
    </Filter>
    <Filter Include="Header Files">
      <UniqueIdentifier>{93995380-89BD-4b04-88EB-625FBE52EBFB}</UniqueIdentifier>
      <Extensions>h;hh;hpp;hxx;hm;inl;inc;xsd</Extensions>
    </Filter>
    <Filter Include="Resource Files">
      <UniqueIdentifier>{67DA6AB6-F800-4c08-8B7A-83BB121AAD01}</UniqueIdentifier>
      <Extensions>rc;ico;cur;bmp;dlg;rc2;rct;bin;rgs;gif;jpg;jpeg;jpe;resx;tiff;tif;png;wav;mfcribbon-ms</Extensions>
    </Filter>
  </ItemGroup>
  <ItemGroup>
    <ClCompile Include="main.cpp">
      <Filter>Source Files</Filter>
    </ClCompile>
    <ClCompile Include="..\..\..\..\..\HCI-557-CG\gl_common\camera.cpp">
      <Filter>Source Files</Filter>
    </ClCompile>
    <ClCompile Include="..\..\..\..\..\HCI-557-CG\gl_common\controls.cpp">
      <Filter>Source Files</Filter>
    </ClCompile>
    <ClCompile Include="..\..\..\..\..\HCI-557-CG\gl_common\CoordSystem.cpp">
      <Filter>Source Files</Filter>
    </ClCompile>
    <ClCompile Include="..\..\..\..\..\HCI-557-CG\gl_common\GLAppearance.cpp">
      <Filter>Source Files</Filter>
    </ClCompile>
    <ClCompile Include="..\..\..\..\..\HCI-557-CG\gl_common\GLObject.cpp">
      <Filter>Source Files</Filter>
    </ClCompile>
    <ClCompile Include="..\..\..\..\..\HCI-557-CG\gl_common\GLSphere.cpp">
      <Filter>Source Files</Filter>
    </ClCompile>
    <ClCompile Include="..\..\..\..\..\HCI-557-CG\gl_common\HCI557Common.cpp">
      <Filter>Source Files</Filter>
    </ClCompile>
    <ClCompile Include="..\..\..\..\..\HCI-557-CG\gl_common\HCI557Datatypes.cpp">
      <Filter>Source Files</Filter>
    </ClCompile>
    <ClCompile Include="..\..\..\..\..\HCI-557-CG\gl_common\Shaders.cpp">
      <Filter>Source Files</Filter>
    </ClCompile>
    <ClCompile Include="GLSphereSpot.cpp">
      <Filter>Source Files</Filter>
    </ClCompile>
    <ClCompile Include="GLRedSphere.cpp">
      <Filter>Source Files</Filter>
    </ClCompile>
    <ClCompile Include="GLBlueSphere.cpp">
      <Filter>Source Files</Filter>
    </ClCompile>
    <ClCompile Include="GLGreenSphere.cpp">
      <Filter>Source Files</Filter>
    </ClCompile>
    <ClCompile Include="GLYellowSphere.cpp">
      <Filter>Source Files</Filter>
    </ClCompile>
  </ItemGroup>
  <ItemGroup>
    <ClInclude Include="..\..\..\..\..\HCI-557-CG\gl_common\Shaders.h">
      <Filter>Source Files</Filter>
    </ClInclude>
    <ClInclude Include="..\..\..\..\..\HCI-557-CG\gl_common\camera.h">
      <Filter>Header Files</Filter>
    </ClInclude>
    <ClInclude Include="..\..\..\..\..\HCI-557-CG\gl_common\controls.h">
      <Filter>Header Files</Filter>
    </ClInclude>
    <ClInclude Include="..\..\..\..\..\HCI-557-CG\gl_common\CoordSystem.h">
      <Filter>Header Files</Filter>
    </ClInclude>
    <ClInclude Include="..\..\..\..\..\HCI-557-CG\gl_common\GLAppearance.h">
      <Filter>Header Files</Filter>
    </ClInclude>
    <ClInclude Include="..\..\..\..\..\HCI-557-CG\gl_common\GLObject.h">
      <Filter>Header Files</Filter>
    </ClInclude>
    <ClInclude Include="..\..\..\..\..\HCI-557-CG\gl_common\GLSphere.h">
      <Filter>Header Files</Filter>
    </ClInclude>
    <ClInclude Include="..\..\..\..\..\HCI-557-CG\gl_common\HCI557Common.h">
      <Filter>Header Files</Filter>
    </ClInclude>
    <ClInclude Include="..\..\..\..\..\HCI-557-CG\gl_common\HCI557Datatypes.h">
      <Filter>Header Files</Filter>
    </ClInclude>
    <ClInclude Include="..\..\..\..\..\HCI-557-CG\gl_common\GLAppearanceBase.h">
      <Filter>Header Files</Filter>
    </ClInclude>
    <ClInclude Include="..\..\..\..\..\HCI-557-CG\gl_common\GLObjects3D.h">
      <Filter>Header Files</Filter>
    </ClInclude>
    <ClInclude Include="GLSphereSpot.h">
      <Filter>Header Files</Filter>
    </ClInclude>
    <ClInclude Include="GLRedSphere.h">
      <Filter>Header Files</Filter>
    </ClInclude>
    <ClInclude Include="GLBlueSphere.h">
      <Filter>Header Files</Filter>
    </ClInclude>
    <ClInclude Include="GLGreenSphere.h">
      <Filter>Header Files</Filter>
    </ClInclude>
    <ClInclude Include="GLYellowSphere.h">
      <Filter>Header Files</Filter>
    </ClInclude>
  </ItemGroup>
  <ItemGroup>
    <None Include="spotlight_red_blue.fs">
      <Filter>Source Files</Filter>
    </None>
    <None Include="spotlight_red_blue.vs">
      <Filter>Source Files</Filter>
    </None>
    <None Include="spotlight_green.fs">
      <Filter>Source Files</Filter>
    </None>
    <None Include="spotlight_yellow.vs">
      <Filter>Source Files</Filter>
    </None>
    <None Include="spotlight_yellow.fs">
      <Filter>Source Files</Filter>
    </None>
    <None Include="spotlight_green.vs">
      <Filter>Source Files</Filter>
    </None>
  </ItemGroup>
</Project>