<?xml version="1.0" encoding="utf-8"?>
<Project ToolsVersion="14.0" xmlns="http://schemas.microsoft.com/developer/msbuild/2003">
  <ItemGroup>
    <ClCompile Include="C:\Users\Nathan\Documents\GitHub\HCI_557_2016_nf\Homework_4\p2\controls.cpp">
      <Filter>Source Files</Filter>
    </ClCompile>
    <ClCompile Include="C:\Users\Nathan\Documents\GitHub\HCI_557_2016_nf\Homework_4\p2\CoordSystem.cpp">
      <Filter>Source Files</Filter>
    </ClCompile>
    <ClCompile Include="C:\Users\Nathan\Documents\GitHub\HCI_557_2016_nf\Homework_4\p2\HCI557Common.cpp">
      <Filter>Source Files</Filter>
    </ClCompile>
    <ClCompile Include="C:\Users\Nathan\Documents\GitHub\HCI_557_2016_nf\Homework_4\p2\hw4_main.cpp">
      <Filter>Source Files</Filter>
    </ClCompile>
    <ClCompile Include="C:\Users\Nathan\Documents\GitHub\HCI_557_2016_nf\Homework_4\p2\ShaderFileUtils.cpp">
      <Filter>Source Files</Filter>
    </ClCompile>
    <ClCompile Include="C:\Users\Nathan\Documents\GitHub\HCI_557_2016_nf\Homework_4\p2\ImgLoader.cpp">
      <Filter>Source Files</Filter>
    </ClCompile>
  </ItemGroup>
  <ItemGroup>
    <ClInclude Include="C:\Users\Nathan\Documents\GitHub\HCI_557_2016_nf\Homework_4\p2\controls.h">
      <Filter>Header Files</Filter>
    </ClInclude>
    <ClInclude Include="C:\Users\Nathan\Documents\GitHub\HCI_557_2016_nf\Homework_4\p2\CoordSystem.h">
      <Filter>Header Files</Filter>
    </ClInclude>
    <ClInclude Include="C:\Users\Nathan\Documents\GitHub\HCI_557_2016_nf\Homework_4\p2\HCI557Common.h">
      <Filter>Header Files</Filter>
    </ClInclude>
    <ClInclude Include="C:\Users\Nathan\Documents\GitHub\HCI_557_2016_nf\Homework_4\p2\ImgLoader.h">
      <Filter>Header Files</Filter>
    </ClInclude>
    <ClInclude Include="C:\Users\Nathan\Documents\GitHub\HCI_557_2016_nf\Homework_4\p2\ShaderFileUtils.h">
      <Filter>Header Files</Filter>
    </ClInclude>
  </ItemGroup>
  <ItemGroup>
    <Filter Include="Source Files">
      <UniqueIdentifier>{6125728D-BD3E-3D7E-A078-7B0BE993C789}</UniqueIdentifier>
    </Filter>
    <Filter Include="Header Files">
      <UniqueIdentifier>{95F75050-A698-3238-A24A-B46FE14E88CE}</UniqueIdentifier>
    </Filter>
  </ItemGroup>
  <ItemGroup>
    <None Include="hw4_shader.fs" />
    <None Include="hw4_shader.vs" />
    <None Include=".gitignore" />
  </ItemGroup>
  <ItemGroup>
    <Image Include="cow.bmp" />
    <Image Include="gradient.bmp" />
    <Image Include="moon.bmp" />
  </ItemGroup>
</Project>